
Microsoft Visual Studio Solution File, Format Version 12.00
# Visual Studio Version 17
VisualStudioVersion = 17.14.37301.10 d17.14
MinimumVisualStudioVersion = 10.0.40219.1
Project("{FAE04EC0-301F-11D3-BF4B-00C04F79EFBC}") = "CMS.Data", "CMS.Data\CMS.Data.csproj", "{8CE16119-B327-433A-9DA3-A1C99CBE1F34}"
EndProject
Global
	GlobalSection(SolutionConfigurationPlatforms) = preSolution
		Debug|Any CPU = Debug|Any CPU
		Release|Any CPU = Release|Any CPU
	EndGlobalSection
	GlobalSection(ProjectConfigurationPlatforms) = postSolution
		{8CE16119-B327-433A-9DA3-A1C99CBE1F34}.Debug|Any CPU.ActiveCfg = Debug|Any CPU
		{8CE16119-B327-433A-9DA3-A1C99CBE1F34}.Debug|Any CPU.Build.0 = Debug|Any CPU
		{8CE16119-B327-433A-9DA3-A1C99CBE1F34}.Release|Any CPU.ActiveCfg = Release|Any CPU
		{8CE16119-B327-433A-9DA3-A1C99CBE1F34}.Release|Any CPU.Build.0 = Release|Any CPU
	EndGlobalSection
	GlobalSection(SolutionProperties) = preSolution
		HideSolutionNode = FALSE
	EndGlobalSection
	GlobalSection(ExtensibilityGlobals) = postSolution
		SolutionGuid = {8198CB35-85C5-4D0D-9A01-F6449EE8031F}
	EndGlobalSection
EndGlobal
